schema: '2.0'
stages:
  data_cleaning:
    cmd: python3 src/data_cleaning.py
    deps:
    - path: data/Music Info.csv
      hash: md5
      md5: e63b74919a3cdada5c804df4666391c9
      size: 14985870
    - path: src/data_cleaning.py
      hash: md5
      md5: 1fe67a28d329e1a186ef0b0dfc9d8cfc
      size: 2026
    outs:
    - path: data/cleaned_data.csv
      hash: md5
      md5: 7fbb771c077fdaea5e7a04d1bed27d6e
      size: 13661498
  transform_data:
    cmd: python3 src/content_based_filtering.py
    deps:
    - path: data/cleaned_data.csv
      hash: md5
      md5: 7fbb771c077fdaea5e7a04d1bed27d6e
      size: 13661498
    - path: src/content_based_filtering.py
      hash: md5
      md5: cd95ac96f6b93d0e11359b4fc6f612e0
      size: 5888
    - path: src/data_cleaning.py
      hash: md5
      md5: 1fe67a28d329e1a186ef0b0dfc9d8cfc
      size: 2026
    outs:
    - path: data/transformed_data.npz
      hash: md5
      md5: 8a621c69da9fa11cd0198246feafba12
      size: 4523508
    - path: transformer.joblib
      hash: md5
      md5: 274ba635dbad5cb5940ddb587d0636ac
      size: 135933
